
Microsoft Visual Studio Solution File, Format Version 12.00
# Visual Studio Version 16
VisualStudioVersion = 16.0.30804.86
MinimumVisualStudioVersion = 10.0.40219.1
Project("{9A19103F-16F7-4668-BE54-9A1E7A4F7556}") = "FinalProjectSudoku", "FinalProjectSudoku.csproj", "{A89EE632-89C6-4AEF-BC68-568076874C97}"
EndProject
Project("{FAE04EC0-301F-11D3-BF4B-00C04F79EFBC}") = "inspo", "..\inspo\inspo.csproj", "{D80E8E1B-765E-4C8F-9C0F-965F85B0B650}"
EndProject
Project("{FAE04EC0-301F-11D3-BF4B-00C04F79EFBC}") = "SandraIntro", "..\SandraIntro\SandraIntro.csproj", "{19195AB0-D75F-4F57-B82C-B0AC8A16D9E2}"
EndProject
Global
	GlobalSection(SolutionConfigurationPlatforms) = preSolution
		Debug|Any CPU = Debug|Any CPU
		Release|Any CPU = Release|Any CPU
	EndGlobalSection
	GlobalSection(ProjectConfigurationPlatforms) = postSolution
		{A89EE632-89C6-4AEF-BC68-568076874C97}.Debug|Any CPU.ActiveCfg = Debug|Any CPU
		{A89EE632-89C6-4AEF-BC68-568076874C97}.Debug|Any CPU.Build.0 = Debug|Any CPU
		{A89EE632-89C6-4AEF-BC68-568076874C97}.Release|Any CPU.ActiveCfg = Release|Any CPU
		{A89EE632-89C6-4AEF-BC68-568076874C97}.Release|Any CPU.Build.0 = Release|Any CPU
		{D80E8E1B-765E-4C8F-9C0F-965F85B0B650}.Debug|Any CPU.ActiveCfg = Debug|Any CPU
		{D80E8E1B-765E-4C8F-9C0F-965F85B0B650}.Debug|Any CPU.Build.0 = Debug|Any CPU
		{D80E8E1B-765E-4C8F-9C0F-965F85B0B650}.Release|Any CPU.ActiveCfg = Release|Any CPU
		{D80E8E1B-765E-4C8F-9C0F-965F85B0B650}.Release|Any CPU.Build.0 = Release|Any CPU
		{19195AB0-D75F-4F57-B82C-B0AC8A16D9E2}.Debug|Any CPU.ActiveCfg = Debug|Any CPU
		{19195AB0-D75F-4F57-B82C-B0AC8A16D9E2}.Debug|Any CPU.Build.0 = Debug|Any CPU
		{19195AB0-D75F-4F57-B82C-B0AC8A16D9E2}.Release|Any CPU.ActiveCfg = Release|Any CPU
		{19195AB0-D75F-4F57-B82C-B0AC8A16D9E2}.Release|Any CPU.Build.0 = Release|Any CPU
	EndGlobalSection
	GlobalSection(SolutionProperties) = preSolution
		HideSolutionNode = FALSE
	EndGlobalSection
	GlobalSection(ExtensibilityGlobals) = postSolution
		SolutionGuid = {7E8D942E-A6F0-4572-B43B-267154A8F5F2}
	EndGlobalSection
EndGlobal
